// !$*UTF8*$!
{
	archiveVersion = 1;
	classes = {
	};
	objectVersion = 46;
	objects = {

/* Begin PBXBuildFile section */
		3F46B6871CB3DD63004AF06B /* card.png in Resources */ = {isa = PBXBuildFile; fileRef = 3F46B6861CB3DD63004AF06B /* card.png */; settings = {ASSET_TAGS = (); }; };
		3F6C1AFB1CACD13A007BD218 /* MediaModel.swift in Sources */ = {isa = PBXBuildFile; fileRef = 3F6C1AFA1CACD13A007BD218 /* MediaModel.swift */; settings = {ASSET_TAGS = (); }; };
		3F6C1B081CACFF25007BD218 /* MMDrawerBarButtonItem.m in Sources */ = {isa = PBXBuildFile; fileRef = 3F6C1B001CACFF25007BD218 /* MMDrawerBarButtonItem.m */; settings = {ASSET_TAGS = (); }; };
		3F6C1B091CACFF25007BD218 /* MMDrawerController.m in Sources */ = {isa = PBXBuildFile; fileRef = 3F6C1B031CACFF25007BD218 /* MMDrawerController.m */; settings = {ASSET_TAGS = (); }; };
		3F6C1B0A1CACFF25007BD218 /* MMDrawerVisualState.m in Sources */ = {isa = PBXBuildFile; fileRef = 3F6C1B051CACFF25007BD218 /* MMDrawerVisualState.m */; settings = {ASSET_TAGS = (); }; };
		3F6C1B0B1CACFF25007BD218 /* UIViewController+MMDrawerController.m in Sources */ = {isa = PBXBuildFile; fileRef = 3F6C1B071CACFF25007BD218 /* UIViewController+MMDrawerController.m */; settings = {ASSET_TAGS = (); }; };
		3F6C1B511CAD1EC6007BD218 /* AppDelegate.swift in Sources */ = {isa = PBXBuildFile; fileRef = 3F6C1B4F1CAD1EC6007BD218 /* AppDelegate.swift */; settings = {ASSET_TAGS = (); }; };
		3F6C1B521CAD1EC6007BD218 /* Info.plist in Resources */ = {isa = PBXBuildFile; fileRef = 3F6C1B501CAD1EC6007BD218 /* Info.plist */; settings = {ASSET_TAGS = (); }; };
		3F6C1B541CAD1EF5007BD218 /* Assets.xcassets in Resources */ = {isa = PBXBuildFile; fileRef = 3F6C1B531CAD1EF5007BD218 /* Assets.xcassets */; settings = {ASSET_TAGS = (); }; };
		3F6C1B571CAD1F06007BD218 /* LaunchScreen.storyboard in Resources */ = {isa = PBXBuildFile; fileRef = 3F6C1B551CAD1F06007BD218 /* LaunchScreen.storyboard */; settings = {ASSET_TAGS = (); }; };
		3F6C1B5D1CAD21A5007BD218 /* audionews_index_play@2x.png in Resources */ = {isa = PBXBuildFile; fileRef = 3F6C1B591CAD21A5007BD218 /* audionews_index_play@2x.png */; settings = {ASSET_TAGS = (); }; };
		3F6C1B5E1CAD21A5007BD218 /* night_audionews_indexheader_recent@2x.png in Resources */ = {isa = PBXBuildFile; fileRef = 3F6C1B5A1CAD21A5007BD218 /* night_audionews_indexheader_recent@2x.png */; settings = {ASSET_TAGS = (); }; };
		3F6C1B5F1CAD21A5007BD218 /* night_sidebar_cellhighlighted_bg@2x.png in Resources */ = {isa = PBXBuildFile; fileRef = 3F6C1B5B1CAD21A5007BD218 /* night_sidebar_cellhighlighted_bg@2x.png */; settings = {ASSET_TAGS = (); }; };
		3F6C1B601CAD21A5007BD218 /* night_video_list_cell_count@2x.png in Resources */ = {isa = PBXBuildFile; fileRef = 3F6C1B5C1CAD21A5007BD218 /* night_video_list_cell_count@2x.png */; settings = {ASSET_TAGS = (); }; };
		3F6C1B621CAD255F007BD218 /* MediaCell.swift in Sources */ = {isa = PBXBuildFile; fileRef = 3F6C1B611CAD255F007BD218 /* MediaCell.swift */; settings = {ASSET_TAGS = (); }; };
		3F6C1B661CAD4E91007BD218 /* AVFoundation.framework in Frameworks */ = {isa = PBXBuildFile; fileRef = 3F6C1B651CAD4E91007BD218 /* AVFoundation.framework */; };
		3F6C1B681CAD4EC7007BD218 /* AVKit.framework in Frameworks */ = {isa = PBXBuildFile; fileRef = 3F6C1B671CAD4EC7007BD218 /* AVKit.framework */; };
		3F6F6A491CA52336004F8624 /* NewsViewController.swift in Sources */ = {isa = PBXBuildFile; fileRef = 3F6F6A481CA52336004F8624 /* NewsViewController.swift */; settings = {ASSET_TAGS = (); }; };
		3F6F6A4B1CA52421004F8624 /* VideoViewController.swift in Sources */ = {isa = PBXBuildFile; fileRef = 3F6F6A4A1CA52421004F8624 /* VideoViewController.swift */; settings = {ASSET_TAGS = (); }; };
		3F6F6A4D1CA524F9004F8624 /* HappyPlayingViewController.swift in Sources */ = {isa = PBXBuildFile; fileRef = 3F6F6A4C1CA524F9004F8624 /* HappyPlayingViewController.swift */; settings = {ASSET_TAGS = (); }; };
		3F6F6A621CA53EE2004F8624 /* LeftViewController.swift in Sources */ = {isa = PBXBuildFile; fileRef = 3F6F6A611CA53EE2004F8624 /* LeftViewController.swift */; settings = {ASSET_TAGS = (); }; };
		3F6F6A641CA54015004F8624 /* Common.swift in Sources */ = {isa = PBXBuildFile; fileRef = 3F6F6A631CA54015004F8624 /* Common.swift */; settings = {ASSET_TAGS = (); }; };
		3F6F6A661CA55F65004F8624 /* nav_menu_icon@2x.png in Resources */ = {isa = PBXBuildFile; fileRef = 3F6F6A651CA55F65004F8624 /* nav_menu_icon@2x.png */; settings = {ASSET_TAGS = (); }; };
		3F6F6A701CA56D70004F8624 /* MacroDefine.swift in Sources */ = {isa = PBXBuildFile; fileRef = 3F6F6A6F1CA56D70004F8624 /* MacroDefine.swift */; settings = {ASSET_TAGS = (); }; };
		3F6F6A731CA56DB7004F8624 /* NewsCollectionViewCell.swift in Sources */ = {isa = PBXBuildFile; fileRef = 3F6F6A711CA56DB7004F8624 /* NewsCollectionViewCell.swift */; settings = {ASSET_TAGS = (); }; };
		3F6F6A741CA56DB7004F8624 /* NewsCollectionViewCell.xib in Resources */ = {isa = PBXBuildFile; fileRef = 3F6F6A721CA56DB7004F8624 /* NewsCollectionViewCell.xib */; settings = {ASSET_TAGS = (); }; };
		3F6F6A791CA57ACA004F8624 /* libMMDrawerController.a in Frameworks */ = {isa = PBXBuildFile; fileRef = 3F6F6A781CA57ACA004F8624 /* libMMDrawerController.a */; };
		3F729BF01CA4141700DC8527 /* HappyNewsTests.swift in Sources */ = {isa = PBXBuildFile; fileRef = 3F729BEF1CA4141700DC8527 /* HappyNewsTests.swift */; };
		3F729BFB1CA4141700DC8527 /* HappyNewsUITests.swift in Sources */ = {isa = PBXBuildFile; fileRef = 3F729BFA1CA4141700DC8527 /* HappyNewsUITests.swift */; };
		3F846ECC1CAA1C47006A647E /* NewsDetailViewController.swift in Sources */ = {isa = PBXBuildFile; fileRef = 3F846ECB1CAA1C47006A647E /* NewsDetailViewController.swift */; settings = {ASSET_TAGS = (); }; };
		3F846ECF1CAA31F1006A647E /* UIView+Init.m in Sources */ = {isa = PBXBuildFile; fileRef = 3F846ECE1CAA31F1006A647E /* UIView+Init.m */; settings = {ASSET_TAGS = (); }; };
		3FA525781CA8E5C6009F84E2 /* AFHTTPSessionManager.m in Sources */ = {isa = PBXBuildFile; fileRef = 3FA525641CA8E5C6009F84E2 /* AFHTTPSessionManager.m */; settings = {ASSET_TAGS = (); }; };
		3FA525791CA8E5C6009F84E2 /* AFNetworkReachabilityManager.m in Sources */ = {isa = PBXBuildFile; fileRef = 3FA525671CA8E5C6009F84E2 /* AFNetworkReachabilityManager.m */; settings = {ASSET_TAGS = (); }; };
		3FA5257A1CA8E5C7009F84E2 /* AFSecurityPolicy.m in Sources */ = {isa = PBXBuildFile; fileRef = 3FA525691CA8E5C6009F84E2 /* AFSecurityPolicy.m */; settings = {ASSET_TAGS = (); }; };
		3FA5257B1CA8E5C7009F84E2 /* AFURLRequestSerialization.m in Sources */ = {isa = PBXBuildFile; fileRef = 3FA5256B1CA8E5C6009F84E2 /* AFURLRequestSerialization.m */; settings = {ASSET_TAGS = (); }; };
		3FA5257C1CA8E5C7009F84E2 /* AFURLResponseSerialization.m in Sources */ = {isa = PBXBuildFile; fileRef = 3FA5256D1CA8E5C6009F84E2 /* AFURLResponseSerialization.m */; settings = {ASSET_TAGS = (); }; };
		3FA5257D1CA8E5C7009F84E2 /* AFURLSessionManager.m in Sources */ = {isa = PBXBuildFile; fileRef = 3FA5256F1CA8E5C6009F84E2 /* AFURLSessionManager.m */; settings = {ASSET_TAGS = (); }; };
		3FB901451CA917C400485679 /* NewsModel.swift in Sources */ = {isa = PBXBuildFile; fileRef = 3FB901441CA917C400485679 /* NewsModel.swift */; settings = {ASSET_TAGS = (); }; };
		3FC849DC1CA934B70058D528 /* NSData+ImageContentType.m in Sources */ = {isa = PBXBuildFile; fileRef = 3FC849C01CA934B70058D528 /* NSData+ImageContentType.m */; settings = {ASSET_TAGS = (); }; };
		3FC849DD1CA934B70058D528 /* SDImageCache.m in Sources */ = {isa = PBXBuildFile; fileRef = 3FC849C21CA934B70058D528 /* SDImageCache.m */; settings = {ASSET_TAGS = (); }; };
		3FC849DE1CA934B70058D528 /* SDWebImageCompat.m in Sources */ = {isa = PBXBuildFile; fileRef = 3FC849C41CA934B70058D528 /* SDWebImageCompat.m */; settings = {ASSET_TAGS = (); }; };
		3FC849DF1CA934B70058D528 /* SDWebImageDecoder.m in Sources */ = {isa = PBXBuildFile; fileRef = 3FC849C61CA934B70058D528 /* SDWebImageDecoder.m */; settings = {ASSET_TAGS = (); }; };
		3FC849E01CA934B70058D528 /* SDWebImageDownloader.m in Sources */ = {isa = PBXBuildFile; fileRef = 3FC849C81CA934B70058D528 /* SDWebImageDownloader.m */; settings = {ASSET_TAGS = (); }; };
		3FC849E11CA934B70058D528 /* SDWebImageDownloaderOperation.m in Sources */ = {isa = PBXBuildFile; fileRef = 3FC849CA1CA934B70058D528 /* SDWebImageDownloaderOperation.m */; settings = {ASSET_TAGS = (); }; };
		3FC849E21CA934B70058D528 /* SDWebImageManager.m in Sources */ = {isa = PBXBuildFile; fileRef = 3FC849CC1CA934B70058D528 /* SDWebImageManager.m */; settings = {ASSET_TAGS = (); }; };
		3FC849E31CA934B70058D528 /* SDWebImagePrefetcher.m in Sources */ = {isa = PBXBuildFile; fileRef = 3FC849CF1CA934B70058D528 /* SDWebImagePrefetcher.m */; settings = {ASSET_TAGS = (); }; };
		3FC849E41CA934B70058D528 /* UIButton+WebCache.m in Sources */ = {isa = PBXBuildFile; fileRef = 3FC849D11CA934B70058D528 /* UIButton+WebCache.m */; settings = {ASSET_TAGS = (); }; };
		3FC849E51CA934B70058D528 /* UIImage+GIF.m in Sources */ = {isa = PBXBuildFile; fileRef = 3FC849D31CA934B70058D528 /* UIImage+GIF.m */; settings = {ASSET_TAGS = (); }; };
		3FC849E61CA934B70058D528 /* UIImage+MultiFormat.m in Sources */ = {isa = PBXBuildFile; fileRef = 3FC849D51CA934B70058D528 /* UIImage+MultiFormat.m */; settings = {ASSET_TAGS = (); }; };
		3FC849E71CA934B70058D528 /* UIImageView+HighlightedWebCache.m in Sources */ = {isa = PBXBuildFile; fileRef = 3FC849D71CA934B70058D528 /* UIImageView+HighlightedWebCache.m */; settings = {ASSET_TAGS = (); }; };
		3FC849E81CA934B70058D528 /* UIImageView+WebCache.m in Sources */ = {isa = PBXBuildFile; fileRef = 3FC849D91CA934B70058D528 /* UIImageView+WebCache.m */; settings = {ASSET_TAGS = (); }; };
		3FC849E91CA934B70058D528 /* UIView+WebCacheOperation.m in Sources */ = {isa = PBXBuildFile; fileRef = 3FC849DB1CA934B70058D528 /* UIView+WebCacheOperation.m */; settings = {ASSET_TAGS = (); }; };
		3FE4AA151CAB7DC8005F94AB /* MenuViewController.swift in Sources */ = {isa = PBXBuildFile; fileRef = 3FE4AA141CAB7DC8005F94AB /* MenuViewController.swift */; settings = {ASSET_TAGS = (); }; };
		3FE4AA221CAB98F6005F94AB /* SKScNavViewController.swift in Sources */ = {isa = PBXBuildFile; fileRef = 3FE4AA1A1CAB98F6005F94AB /* SKScNavViewController.swift */; settings = {ASSET_TAGS = (); }; };
		3FE4AA231CAB98F6005F94AB /* arrow@3x.png in Resources */ = {isa = PBXBuildFile; fileRef = 3FE4AA1C1CAB98F6005F94AB /* arrow@3x.png */; settings = {ASSET_TAGS = (); }; };
		3FE4AA241CAB98F6005F94AB /* SKMacros.swift in Sources */ = {isa = PBXBuildFile; fileRef = 3FE4AA1D1CAB98F6005F94AB /* SKMacros.swift */; settings = {ASSET_TAGS = (); }; };
		3FE4AA251CAB98F6005F94AB /* SKLaunchMenu.swift in Sources */ = {isa = PBXBuildFile; fileRef = 3FE4AA1F1CAB98F6005F94AB /* SKLaunchMenu.swift */; settings = {ASSET_TAGS = (); }; };
		3FE4AA261CAB98F6005F94AB /* SKLaunchMenuItem.swift in Sources */ = {isa = PBXBuildFile; fileRef = 3FE4AA201CAB98F6005F94AB /* SKLaunchMenuItem.swift */; settings = {ASSET_TAGS = (); }; };
		3FE4AA271CAB98F6005F94AB /* SKScNavBar.swift in Sources */ = {isa = PBXBuildFile; fileRef = 3FE4AA211CAB98F6005F94AB /* SKScNavBar.swift */; settings = {ASSET_TAGS = (); }; };
		3FE4AA291CAB9CCD005F94AB /* PictureViewController.swift in Sources */ = {isa = PBXBuildFile; fileRef = 3FE4AA281CAB9CCD005F94AB /* PictureViewController.swift */; settings = {ASSET_TAGS = (); }; };
		3FE9629B1CAE5E9300087A4C /* MyNavigationController.swift in Sources */ = {isa = PBXBuildFile; fileRef = 3FE9629A1CAE5E9300087A4C /* MyNavigationController.swift */; settings = {ASSET_TAGS = (); }; };
		7EB3B3BC0A280D46370FC003 /* Pods.framework in Frameworks */ = {isa = PBXBuildFile; fileRef = 08B4794E1AD0CA45230C2857 /* Pods.framework */; };
/* End PBXBuildFile section */

/* Begin PBXContainerItemProxy section */
		3F729BEC1CA4141700DC8527 /* PBXContainerItemProxy */ = {
			isa = PBXContainerItemProxy;
			containerPortal = 3F729BCF1CA4141600DC8527 /* Project object */;
			proxyType = 1;
			remoteGlobalIDString = 3F729BD61CA4141700DC8527;
			remoteInfo = HappyNews;
		};
		3F729BF71CA4141700DC8527 /* PBXContainerItemProxy */ = {
			isa = PBXContainerItemProxy;
			containerPortal = 3F729BCF1CA4141600DC8527 /* Project object */;
			proxyType = 1;
			remoteGlobalIDString = 3F729BD61CA4141700DC8527;
			remoteInfo = HappyNews;
		};
/* End PBXContainerItemProxy section */

/* Begin PBXFileReference section */
		08B4794E1AD0CA45230C2857 /* Pods.framework */ = {isa = PBXFileReference; explicitFileType = wrapper.framework; includeInIndex = 0; path = Pods.framework; sourceTree = BUILT_PRODUCTS_DIR; };
		09D333612FF75548EE0903FA /* Pods.release.xcconfig */ = {isa = PBXFileReference; includeInIndex = 1; lastKnownFileType = text.xcconfig; name = Pods.release.xcconfig; path = "Pods/Target Support Files/Pods/Pods.release.xcconfig"; sourceTree = "<group>"; };
		2813228A19118FA200DD2A93 /* Pods.debug.xcconfig */ = {isa = PBXFileReference; includeInIndex = 1; lastKnownFileType = text.xcconfig; name = Pods.debug.xcconfig; path = "Pods/Target Support Files/Pods/Pods.debug.xcconfig"; sourceTree = "<group>"; };
		3F46B6861CB3DD63004AF06B /* card.png */ = {isa = PBXFileReference; lastKnownFileType = image.png; path = card.png; sourceTree = "<group>"; };
		3F6C1AFA1CACD13A007BD218 /* MediaModel.swift */ = {isa = PBXFileReference; fileEncoding = 4; lastKnownFileType = sourcecode.swift; path = MediaModel.swift; sourceTree = "<group>"; };
		3F6C1AFC1CACF6F5007BD218 /* MMDrawerController.framework */ = {isa = PBXFileReference; lastKnownFileType = wrapper.framework; name = MMDrawerController.framework; path = "Pods/../build/Debug-iphoneos/MMDrawerController.framework"; sourceTree = "<group>"; };
		3F6C1AFF1CACFF25007BD218 /* MMDrawerBarButtonItem.h */ = {isa = PBXFileReference; fileEncoding = 4; lastKnownFileType = sourcecode.c.h; path = MMDrawerBarButtonItem.h; sourceTree = "<group>"; };
		3F6C1B001CACFF25007BD218 /* MMDrawerBarButtonItem.m */ = {isa = PBXFileReference; fileEncoding = 4; lastKnownFileType = sourcecode.c.objc; path = MMDrawerBarButtonItem.m; sourceTree = "<group>"; };
		3F6C1B011CACFF25007BD218 /* MMDrawerController+Subclass.h */ = {isa = PBXFileReference; fileEncoding = 4; lastKnownFileType = sourcecode.c.h; path = "MMDrawerController+Subclass.h"; sourceTree = "<group>"; };
		3F6C1B021CACFF25007BD218 /* MMDrawerController.h */ = {isa = PBXFileReference; fileEncoding = 4; lastKnownFileType = sourcecode.c.h; path = MMDrawerController.h; sourceTree = "<group>"; };
		3F6C1B031CACFF25007BD218 /* MMDrawerController.m */ = {isa = PBXFileReference; fileEncoding = 4; lastKnownFileType = sourcecode.c.objc; path = MMDrawerController.m; sourceTree = "<group>"; };
		3F6C1B041CACFF25007BD218 /* MMDrawerVisualState.h */ = {isa = PBXFileReference; fileEncoding = 4; lastKnownFileType = sourcecode.c.h; path = MMDrawerVisualState.h; sourceTree = "<group>"; };
		3F6C1B051CACFF25007BD218 /* MMDrawerVisualState.m */ = {isa = PBXFileReference; fileEncoding = 4; lastKnownFileType = sourcecode.c.objc; path = MMDrawerVisualState.m; sourceTree = "<group>"; };
		3F6C1B061CACFF25007BD218 /* UIViewController+MMDrawerController.h */ = {isa = PBXFileReference; fileEncoding = 4; lastKnownFileType = sourcecode.c.h; path = "UIViewController+MMDrawerController.h"; sourceTree = "<group>"; };
		3F6C1B071CACFF25007BD218 /* UIViewController+MMDrawerController.m */ = {isa = PBXFileReference; fileEncoding = 4; lastKnownFileType = sourcecode.c.objc; path = "UIViewController+MMDrawerController.m"; sourceTree = "<group>"; };
		3F6C1B4F1CAD1EC6007BD218 /* AppDelegate.swift */ = {isa = PBXFileReference; fileEncoding = 4; lastKnownFileType = sourcecode.swift; name = AppDelegate.swift; path = ../AppDelegate.swift; sourceTree = "<group>"; };
		3F6C1B501CAD1EC6007BD218 /* Info.plist */ = {isa = PBXFileReference; fileEncoding = 4; lastKnownFileType = text.plist.xml; name = Info.plist; path = ../Info.plist; sourceTree = "<group>"; };
		3F6C1B531CAD1EF5007BD218 /* Assets.xcassets */ = {isa = PBXFileReference; lastKnownFileType = folder.assetcatalog; name = Assets.xcassets; path = ../Assets.xcassets; sourceTree = "<group>"; };
		3F6C1B561CAD1F06007BD218 /* Base */ = {isa = PBXFileReference; lastKnownFileType = file.storyboard; name = Base; path = Base.lproj/LaunchScreen.storyboard; sourceTree = "<group>"; };
		3F6C1B591CAD21A5007BD218 /* audionews_index_play@2x.png */ = {isa = PBXFileReference; lastKnownFileType = image.png; path = "audionews_index_play@2x.png"; sourceTree = "<group>"; };
		3F6C1B5A1CAD21A5007BD218 /* night_audionews_indexheader_recent@2x.png */ = {isa = PBXFileReference; lastKnownFileType = image.png; path = "night_audionews_indexheader_recent@2x.png"; sourceTree = "<group>"; };
		3F6C1B5B1CAD21A5007BD218 /* night_sidebar_cellhighlighted_bg@2x.png */ = {isa = PBXFileReference; lastKnownFileType = image.png; path = "night_sidebar_cellhighlighted_bg@2x.png"; sourceTree = "<group>"; };
		3F6C1B5C1CAD21A5007BD218 /* night_video_list_cell_count@2x.png */ = {isa = PBXFileReference; lastKnownFileType = image.png; path = "night_video_list_cell_count@2x.png"; sourceTree = "<group>"; };
		3F6C1B611CAD255F007BD218 /* MediaCell.swift */ = {isa = PBXFileReference; fileEncoding = 4; lastKnownFileType = sourcecode.swift; path = MediaCell.swift; sourceTree = "<group>"; };
		3F6C1B651CAD4E91007BD218 /* AVFoundation.framework */ = {isa = PBXFileReference; lastKnownFileType = wrapper.framework; name = AVFoundation.framework; path = System/Library/Frameworks/AVFoundation.framework; sourceTree = SDKROOT; };
		3F6C1B671CAD4EC7007BD218 /* AVKit.framework */ = {isa = PBXFileReference; lastKnownFileType = wrapper.framework; name = AVKit.framework; path = System/Library/Frameworks/AVKit.framework; sourceTree = SDKROOT; };
		3F6F6A481CA52336004F8624 /* NewsViewController.swift */ = {isa = PBXFileReference; fileEncoding = 4; lastKnownFileType = sourcecode.swift; path = NewsViewController.swift; sourceTree = "<group>"; };
		3F6F6A4A1CA52421004F8624 /* VideoViewController.swift */ = {isa = PBXFileReference; fileEncoding = 4; lastKnownFileType = sourcecode.swift; path = VideoViewController.swift; sourceTree = "<group>"; };
		3F6F6A4C1CA524F9004F8624 /* HappyPlayingViewController.swift */ = {isa = PBXFileReference; fileEncoding = 4; lastKnownFileType = sourcecode.swift; path = HappyPlayingViewController.swift; sourceTree = "<group>"; };
		3F6F6A601CA53913004F8624 /* MMDrawerController-Bridge-Header.h */ = {isa = PBXFileReference; lastKnownFileType = sourcecode.c.h; path = "MMDrawerController-Bridge-Header.h"; sourceTree = "<group>"; };
		3F6F6A611CA53EE2004F8624 /* LeftViewController.swift */ = {isa = PBXFileReference; fileEncoding = 4; lastKnownFileType = sourcecode.swift; path = LeftViewController.swift; sourceTree = "<group>"; };
		3F6F6A631CA54015004F8624 /* Common.swift */ = {isa = PBXFileReference; fileEncoding = 4; lastKnownFileType = sourcecode.swift; path = Common.swift; sourceTree = "<group>"; };
		3F6F6A651CA55F65004F8624 /* nav_menu_icon@2x.png */ = {isa = PBXFileReference; lastKnownFileType = image.png; path = "nav_menu_icon@2x.png"; sourceTree = "<group>"; };
		3F6F6A6F1CA56D70004F8624 /* MacroDefine.swift */ = {isa = PBXFileReference; fileEncoding = 4; lastKnownFileType = sourcecode.swift; path = MacroDefine.swift; sourceTree = "<group>"; };
		3F6F6A711CA56DB7004F8624 /* NewsCollectionViewCell.swift */ = {isa = PBXFileReference; fileEncoding = 4; lastKnownFileType = sourcecode.swift; path = NewsCollectionViewCell.swift; sourceTree = "<group>"; };
		3F6F6A721CA56DB7004F8624 /* NewsCollectionViewCell.xib */ = {isa = PBXFileReference; fileEncoding = 4; lastKnownFileType = file.xib; path = NewsCollectionViewCell.xib; sourceTree = "<group>"; };
		3F6F6A781CA57ACA004F8624 /* libMMDrawerController.a */ = {isa = PBXFileReference; lastKnownFileType = archive.ar; name = libMMDrawerController.a; path = "Pods/../build/Debug-iphoneos/libMMDrawerController.a"; sourceTree = "<group>"; };
		3F729BD71CA4141700DC8527 /* HappyNews.app */ = {isa = PBXFileReference; explicitFileType = wrapper.application; includeInIndex = 0; path = HappyNews.app; sourceTree = BUILT_PRODUCTS_DIR; };
		3F729BEB1CA4141700DC8527 /* HappyNewsTests.xctest */ = {isa = PBXFileReference; explicitFileType = wrapper.cfbundle; includeInIndex = 0; path = HappyNewsTests.xctest; sourceTree = BUILT_PRODUCTS_DIR; };
		3F729BEF1CA4141700DC8527 /* HappyNewsTests.swift */ = {isa = PBXFileReference; lastKnownFileType = sourcecode.swift; path = HappyNewsTests.swift; sourceTree = "<group>"; };
		3F729BF11CA4141700DC8527 /* Info.plist */ = {isa = PBXFileReference; lastKnownFileType = text.plist.xml; path = Info.plist; sourceTree = "<group>"; };
		3F729BF61CA4141700DC8527 /* HappyNewsUITests.xctest */ = {isa = PBXFileReference; explicitFileType = wrapper.cfbundle; includeInIndex = 0; path = HappyNewsUITests.xctest; sourceTree = BUILT_PRODUCTS_DIR; };
		3F729BFA1CA4141700DC8527 /* HappyNewsUITests.swift */ = {isa = PBXFileReference; lastKnownFileType = sourcecode.swift; path = HappyNewsUITests.swift; sourceTree = "<group>"; };
		3F729BFC1CA4141700DC8527 /* Info.plist */ = {isa = PBXFileReference; lastKnownFileType = text.plist.xml; path = Info.plist; sourceTree = "<group>"; };
		3F846ECB1CAA1C47006A647E /* NewsDetailViewController.swift */ = {isa = PBXFileReference; fileEncoding = 4; lastKnownFileType = sourcecode.swift; path = NewsDetailViewController.swift; sourceTree = "<group>"; };
		3F846ECD1CAA31F1006A647E /* UIView+Init.h */ = {isa = PBXFileReference; fileEncoding = 4; lastKnownFileType = sourcecode.c.h; path = "UIView+Init.h"; sourceTree = "<group>"; };
		3F846ECE1CAA31F1006A647E /* UIView+Init.m */ = {isa = PBXFileReference; fileEncoding = 4; lastKnownFileType = sourcecode.c.objc; path = "UIView+Init.m"; sourceTree = "<group>"; };
		3FA525631CA8E5C6009F84E2 /* AFHTTPSessionManager.h */ = {isa = PBXFileReference; fileEncoding = 4; lastKnownFileType = sourcecode.c.h; path = AFHTTPSessionManager.h; sourceTree = "<group>"; };
		3FA525641CA8E5C6009F84E2 /* AFHTTPSessionManager.m */ = {isa = PBXFileReference; fileEncoding = 4; lastKnownFileType = sourcecode.c.objc; path = AFHTTPSessionManager.m; sourceTree = "<group>"; };
		3FA525651CA8E5C6009F84E2 /* AFNetworking.h */ = {isa = PBXFileReference; fileEncoding = 4; lastKnownFileType = sourcecode.c.h; path = AFNetworking.h; sourceTree = "<group>"; };
		3FA525661CA8E5C6009F84E2 /* AFNetworkReachabilityManager.h */ = {isa = PBXFileReference; fileEncoding = 4; lastKnownFileType = sourcecode.c.h; path = AFNetworkReachabilityManager.h; sourceTree = "<group>"; };
		3FA525671CA8E5C6009F84E2 /* AFNetworkReachabilityManager.m */ = {isa = PBXFileReference; fileEncoding = 4; lastKnownFileType = sourcecode.c.objc; path = AFNetworkReachabilityManager.m; sourceTree = "<group>"; };
		3FA525681CA8E5C6009F84E2 /* AFSecurityPolicy.h */ = {isa = PBXFileReference; fileEncoding = 4; lastKnownFileType = sourcecode.c.h; path = AFSecurityPolicy.h; sourceTree = "<group>"; };
		3FA525691CA8E5C6009F84E2 /* AFSecurityPolicy.m */ = {isa = PBXFileReference; fileEncoding = 4; lastKnownFileType = sourcecode.c.objc; path = AFSecurityPolicy.m; sourceTree = "<group>"; };
		3FA5256A1CA8E5C6009F84E2 /* AFURLRequestSerialization.h */ = {isa = PBXFileReference; fileEncoding = 4; lastKnownFileType = sourcecode.c.h; path = AFURLRequestSerialization.h; sourceTree = "<group>"; };
		3FA5256B1CA8E5C6009F84E2 /* AFURLRequestSerialization.m */ = {isa = PBXFileReference; fileEncoding = 4; lastKnownFileType = sourcecode.c.objc; path = AFURLRequestSerialization.m; sourceTree = "<group>"; };
		3FA5256C1CA8E5C6009F84E2 /* AFURLResponseSerialization.h */ = {isa = PBXFileReference; fileEncoding = 4; lastKnownFileType = sourcecode.c.h; path = AFURLResponseSerialization.h; sourceTree = "<group>"; };
		3FA5256D1CA8E5C6009F84E2 /* AFURLResponseSerialization.m */ = {isa = PBXFileReference; fileEncoding = 4; lastKnownFileType = sourcecode.c.objc; path = AFURLResponseSerialization.m; sourceTree = "<group>"; };
		3FA5256E1CA8E5C6009F84E2 /* AFURLSessionManager.h */ = {isa = PBXFileReference; fileEncoding = 4; lastKnownFileType = sourcecode.c.h; path = AFURLSessionManager.h; sourceTree = "<group>"; };
		3FA5256F1CA8E5C6009F84E2 /* AFURLSessionManager.m */ = {isa = PBXFileReference; fileEncoding = 4; lastKnownFileType = sourcecode.c.objc; path = AFURLSessionManager.m; sourceTree = "<group>"; };
		3FB901441CA917C400485679 /* NewsModel.swift */ = {isa = PBXFileReference; fileEncoding = 4; lastKnownFileType = sourcecode.swift; path = NewsModel.swift; sourceTree = "<group>"; };
		3FC849BF1CA934B70058D528 /* NSData+ImageContentType.h */ = {isa = PBXFileReference; fileEncoding = 4; lastKnownFileType = sourcecode.c.h; path = "NSData+ImageContentType.h"; sourceTree = "<group>"; };
		3FC849C01CA934B70058D528 /* NSData+ImageContentType.m */ = {isa = PBXFileReference; fileEncoding = 4; lastKnownFileType = sourcecode.c.objc; path = "NSData+ImageContentType.m"; sourceTree = "<group>"; };
		3FC849C11CA934B70058D528 /* SDImageCache.h */ = {isa = PBXFileReference; fileEncoding = 4; lastKnownFileType = sourcecode.c.h; path = SDImageCache.h; sourceTree = "<group>"; };
		3FC849C21CA934B70058D528 /* SDImageCache.m */ = {isa = PBXFileReference; fileEncoding = 4; lastKnownFileType = sourcecode.c.objc; path = SDImageCache.m; sourceTree = "<group>"; };
		3FC849C31CA934B70058D528 /* SDWebImageCompat.h */ = {isa = PBXFileReference; fileEncoding = 4; lastKnownFileType = sourcecode.c.h; path = SDWebImageCompat.h; sourceTree = "<group>"; };
		3FC849C41CA934B70058D528 /* SDWebImageCompat.m */ = {isa = PBXFileReference; fileEncoding = 4; lastKnownFileType = sourcecode.c.objc; path = SDWebImageCompat.m; sourceTree = "<group>"; };
		3FC849C51CA934B70058D528 /* SDWebImageDecoder.h */ = {isa = PBXFileReference; fileEncoding = 4; lastKnownFileType = sourcecode.c.h; path = SDWebImageDecoder.h; sourceTree = "<group>"; };
		3FC849C61CA934B70058D528 /* SDWebImageDecoder.m */ = {isa = PBXFileReference; fileEncoding = 4; lastKnownFileType = sourcecode.c.objc; path = SDWebImageDecoder.m; sourceTree = "<group>"; };
		3FC849C71CA934B70058D528 /* SDWebImageDownloader.h */ = {isa = PBXFileReference; fileEncoding = 4; lastKnownFileType = sourcecode.c.h; path = SDWebImageDownloader.h; sourceTree = "<group>"; };
		3FC849C81CA934B70058D528 /* SDWebImageDownloader.m */ = {isa = PBXFileReference; fileEncoding = 4; lastKnownFileType = sourcecode.c.objc; path = SDWebImageDownloader.m; sourceTree = "<group>"; };
		3FC849C91CA934B70058D528 /* SDWebImageDownloaderOperation.h */ = {isa = PBXFileReference; fileEncoding = 4; lastKnownFileType = sourcecode.c.h; path = SDWebImageDownloaderOperation.h; sourceTree = "<group>"; };
		3FC849CA1CA934B70058D528 /* SDWebImageDownloaderOperation.m */ = {isa = PBXFileReference; fileEncoding = 4; lastKnownFileType = sourcecode.c.objc; path = SDWebImageDownloaderOperation.m; sourceTree = "<group>"; };
		3FC849CB1CA934B70058D528 /* SDWebImageManager.h */ = {isa = PBXFileReference; fileEncoding = 4; lastKnownFileType = sourcecode.c.h; path = SDWebImageManager.h; sourceTree = "<group>"; };
		3FC849CC1CA934B70058D528 /* SDWebImageManager.m */ = {isa = PBXFileReference; fileEncoding = 4; lastKnownFileType = sourcecode.c.objc; path = SDWebImageManager.m; sourceTree = "<group>"; };
		3FC849CD1CA934B70058D528 /* SDWebImageOperation.h */ = {isa = PBXFileReference; fileEncoding = 4; lastKnownFileType = sourcecode.c.h; path = SDWebImageOperation.h; sourceTree = "<group>"; };
		3FC849CE1CA934B70058D528 /* SDWebImagePrefetcher.h */ = {isa = PBXFileReference; fileEncoding = 4; lastKnownFileType = sourcecode.c.h; path = SDWebImagePrefetcher.h; sourceTree = "<group>"; };
		3FC849CF1CA934B70058D528 /* SDWebImagePrefetcher.m */ = {isa = PBXFileReference; fileEncoding = 4; lastKnownFileType = sourcecode.c.objc; path = SDWebImagePrefetcher.m; sourceTree = "<group>"; };
		3FC849D01CA934B70058D528 /* UIButton+WebCache.h */ = {isa = PBXFileReference; fileEncoding = 4; lastKnownFileType = sourcecode.c.h; path = "UIButton+WebCache.h"; sourceTree = "<group>"; };
		3FC849D11CA934B70058D528 /* UIButton+WebCache.m */ = {isa = PBXFileReference; fileEncoding = 4; lastKnownFileType = sourcecode.c.objc; path = "UIButton+WebCache.m"; sourceTree = "<group>"; };
		3FC849D21CA934B70058D528 /* UIImage+GIF.h */ = {isa = PBXFileReference; fileEncoding = 4; lastKnownFileType = sourcecode.c.h; path = "UIImage+GIF.h"; sourceTree = "<group>"; };
		3FC849D31CA934B70058D528 /* UIImage+GIF.m */ = {isa = PBXFileReference; fileEncoding = 4; lastKnownFileType = sourcecode.c.objc; path = "UIImage+GIF.m"; sourceTree = "<group>"; };
		3FC849D41CA934B70058D528 /* UIImage+MultiFormat.h */ = {isa = PBXFileReference; fileEncoding = 4; lastKnownFileType = sourcecode.c.h; path = "UIImage+MultiFormat.h"; sourceTree = "<group>"; };
		3FC849D51CA934B70058D528 /* UIImage+MultiFormat.m */ = {isa = PBXFileReference; fileEncoding = 4; lastKnownFileType = sourcecode.c.objc; path = "UIImage+MultiFormat.m"; sourceTree = "<group>"; };
		3FC849D61CA934B70058D528 /* UIImageView+HighlightedWebCache.h */ = {isa = PBXFileReference; fileEncoding = 4; lastKnownFileType = sourcecode.c.h; path = "UIImageView+HighlightedWebCache.h"; sourceTree = "<group>"; };
		3FC849D71CA934B70058D528 /* UIImageView+HighlightedWebCache.m */ = {isa = PBXFileReference; fileEncoding = 4; lastKnownFileType = sourcecode.c.objc; path = "UIImageView+HighlightedWebCache.m"; sourceTree = "<group>"; };
		3FC849D81CA934B70058D528 /* UIImageView+WebCache.h */ = {isa = PBXFileReference; fileEncoding = 4; lastKnownFileType = sourcecode.c.h; path = "UIImageView+WebCache.h"; sourceTree = "<group>"; };
		3FC849D91CA934B70058D528 /* UIImageView+WebCache.m */ = {isa = PBXFileReference; fileEncoding = 4; lastKnownFileType = sourcecode.c.objc; path = "UIImageView+WebCache.m"; sourceTree = "<group>"; };
		3FC849DA1CA934B70058D528 /* UIView+WebCacheOperation.h */ = {isa = PBXFileReference; fileEncoding = 4; lastKnownFileType = sourcecode.c.h; path = "UIView+WebCacheOperation.h"; sourceTree = "<group>"; };
		3FC849DB1CA934B70058D528 /* UIView+WebCacheOperation.m */ = {isa = PBXFileReference; fileEncoding = 4; lastKnownFileType = sourcecode.c.objc; path = "UIView+WebCacheOperation.m"; sourceTree = "<group>"; };
		3FE4AA141CAB7DC8005F94AB /* MenuViewController.swift */ = {isa = PBXFileReference; fileEncoding = 4; lastKnownFileType = sourcecode.swift; path = MenuViewController.swift; sourceTree = "<group>"; };
		3FE4AA1A1CAB98F6005F94AB /* SKScNavViewController.swift */ = {isa = PBXFileReference; fileEncoding = 4; lastKnownFileType = sourcecode.swift; path = SKScNavViewController.swift; sourceTree = "<group>"; };
		3FE4AA1C1CAB98F6005F94AB /* arrow@3x.png */ = {isa = PBXFileReference; lastKnownFileType = image.png; path = "arrow@3x.png"; sourceTree = "<group>"; };
		3FE4AA1D1CAB98F6005F94AB /* SKMacros.swift */ = {isa = PBXFileReference; fileEncoding = 4; lastKnownFileType = sourcecode.swift; path = SKMacros.swift; sourceTree = "<group>"; };
		3FE4AA1F1CAB98F6005F94AB /* SKLaunchMenu.swift */ = {isa = PBXFileReference; fileEncoding = 4; lastKnownFileType = sourcecode.swift; path = SKLaunchMenu.swift; sourceTree = "<group>"; };
		3FE4AA201CAB98F6005F94AB /* SKLaunchMenuItem.swift */ = {isa = PBXFileReference; fileEncoding = 4; lastKnownFileType = sourcecode.swift; path = SKLaunchMenuItem.swift; sourceTree = "<group>"; };
		3FE4AA211CAB98F6005F94AB /* SKScNavBar.swift */ = {isa = PBXFileReference; fileEncoding = 4; lastKnownFileType = sourcecode.swift; path = SKScNavBar.swift; sourceTree = "<group>"; };
		3FE4AA281CAB9CCD005F94AB /* PictureViewController.swift */ = {isa = PBXFileReference; fileEncoding = 4; lastKnownFileType = sourcecode.swift; path = PictureViewController.swift; sourceTree = "<group>"; };
		3FE9629A1CAE5E9300087A4C /* MyNavigationController.swift */ = {isa = PBXFileReference; fileEncoding = 4; lastKnownFileType = sourcecode.swift; path = MyNavigationController.swift; sourceTree = "<group>"; };
/* End PBXFileReference section */

/* Begin PBXFrameworksBuildPhase section */
		3F729BD41CA4141700DC8527 /* Frameworks */ = {
			isa = PBXFrameworksBuildPhase;
			buildActionMask = 2147483647;
			files = (
				3F6C1B681CAD4EC7007BD218 /* AVKit.framework in Frameworks */,
				3F6C1B661CAD4E91007BD218 /* AVFoundation.framework in Frameworks */,
				3F6F6A791CA57ACA004F8624 /* libMMDrawerController.a in Frameworks */,
				7EB3B3BC0A280D46370FC003 /* Pods.framework in Frameworks */,
			);
			runOnlyForDeploymentPostprocessing = 0;
		};
		3F729BE81CA4141700DC8527 /* Frameworks */ = {
			isa = PBXFrameworksBuildPhase;
			buildActionMask = 2147483647;
			files = (
			);
			runOnlyForDeploymentPostprocessing = 0;
		};
		3F729BF31CA4141700DC8527 /* Frameworks */ = {
			isa = PBXFrameworksBuildPhase;
			buildActionMask = 2147483647;
			files = (
			);
			runOnlyForDeploymentPostprocessing = 0;
		};
/* End PBXFrameworksBuildPhase section */

/* Begin PBXGroup section */
		3F6C1AFE1CACFF25007BD218 /* MMDrawerController */ = {
			isa = PBXGroup;
			children = (
				3F6C1AFF1CACFF25007BD218 /* MMDrawerBarButtonItem.h */,
				3F6C1B001CACFF25007BD218 /* MMDrawerBarButtonItem.m */,
				3F6C1B011CACFF25007BD218 /* MMDrawerController+Subclass.h */,
				3F6C1B021CACFF25007BD218 /* MMDrawerController.h */,
				3F6C1B031CACFF25007BD218 /* MMDrawerController.m */,
				3F6C1B041CACFF25007BD218 /* MMDrawerVisualState.h */,
				3F6C1B051CACFF25007BD218 /* MMDrawerVisualState.m */,
				3F6C1B061CACFF25007BD218 /* UIViewController+MMDrawerController.h */,
				3F6C1B071CACFF25007BD218 /* UIViewController+MMDrawerController.m */,
			);
			path = MMDrawerController;
			sourceTree = "<group>";
		};
		3F6C1B581CAD1F0F007BD218 /* Application */ = {
			isa = PBXGroup;
			children = (
				3F6C1B551CAD1F06007BD218 /* LaunchScreen.storyboard */,
				3F6C1B531CAD1EF5007BD218 /* Assets.xcassets */,
				3F6C1B4F1CAD1EC6007BD218 /* AppDelegate.swift */,
				3F6C1B501CAD1EC6007BD218 /* Info.plist */,
			);
			name = Application;
			path = HappyNews/Application;
			sourceTree = "<group>";
		};
		3F6F6A401CA521D9004F8624 /* Model */ = {
			isa = PBXGroup;
			children = (
				3FB901441CA917C400485679 /* NewsModel.swift */,
				3F6C1AFA1CACD13A007BD218 /* MediaModel.swift */,
			);
			path = Model;
			sourceTree = "<group>";
		};
		3F6F6A421CA5223A004F8624 /* View */ = {
			isa = PBXGroup;
			children = (
				3F6C1B611CAD255F007BD218 /* MediaCell.swift */,
				3F6F6A711CA56DB7004F8624 /* NewsCollectionViewCell.swift */,
				3F6F6A721CA56DB7004F8624 /* NewsCollectionViewCell.xib */,
			);
			path = View;
			sourceTree = "<group>";
		};
		3F6F6A431CA5226F004F8624 /* Controller */ = {
			isa = PBXGroup;
			children = (
				3FE4AA141CAB7DC8005F94AB /* MenuViewController.swift */,
				3F6F6A481CA52336004F8624 /* NewsViewController.swift */,
				3F6F6A4A1CA52421004F8624 /* VideoViewController.swift */,
				3FE4AA281CAB9CCD005F94AB /* PictureViewController.swift */,
				3F6F6A4C1CA524F9004F8624 /* HappyPlayingViewController.swift */,
				3F6F6A611CA53EE2004F8624 /* LeftViewController.swift */,
				3F846ECB1CAA1C47006A647E /* NewsDetailViewController.swift */,
				3FE9629A1CAE5E9300087A4C /* MyNavigationController.swift */,
			);
			path = Controller;
			sourceTree = "<group>";
		};
		3F6F6A4E1CA528DE004F8624 /* Resource */ = {
			isa = PBXGroup;
			children = (
				3F6F6A4F1CA52918004F8624 /* picture */,
			);
			path = Resource;
			sourceTree = "<group>";
		};
		3F6F6A4F1CA52918004F8624 /* picture */ = {
			isa = PBXGroup;
			children = (
				3F6F6A651CA55F65004F8624 /* nav_menu_icon@2x.png */,
				3F6C1B591CAD21A5007BD218 /* audionews_index_play@2x.png */,
				3F6C1B5A1CAD21A5007BD218 /* night_audionews_indexheader_recent@2x.png */,
				3F6C1B5B1CAD21A5007BD218 /* night_sidebar_cellhighlighted_bg@2x.png */,
				3F6C1B5C1CAD21A5007BD218 /* night_video_list_cell_count@2x.png */,
				3F46B6861CB3DD63004AF06B /* card.png */,
			);
			path = picture;
			sourceTree = "<group>";
		};
		3F6F6A501CA5334D004F8624 /* Tools */ = {
			isa = PBXGroup;
			children = (
				3F6F6A601CA53913004F8624 /* MMDrawerController-Bridge-Header.h */,
				3F6F6A631CA54015004F8624 /* Common.swift */,
				3F6F6A6F1CA56D70004F8624 /* MacroDefine.swift */,
				3F846ECD1CAA31F1006A647E /* UIView+Init.h */,
				3F846ECE1CAA31F1006A647E /* UIView+Init.m */,
				3F6C1AFE1CACFF25007BD218 /* MMDrawerController */,
				3FE4AA181CAB98F6005F94AB /* SKScNavBarController */,
				3FC849BE1CA934B70058D528 /* SDWebImage */,
				3FA525621CA8E5C6009F84E2 /* AFNetworking */,
			);
			path = Tools;
			sourceTree = "<group>";
		};
		3F729BCE1CA4141600DC8527 = {
			isa = PBXGroup;
			children = (
				3F729BD91CA4141700DC8527 /* HappyNews */,
				3F6C1B581CAD1F0F007BD218 /* Application */,
				3F729BEE1CA4141700DC8527 /* HappyNewsTests */,
				3F729BF91CA4141700DC8527 /* HappyNewsUITests */,
				3F729BD81CA4141700DC8527 /* Products */,
				D45493AD6D8CF02AF7FBBBB2 /* Pods */,
				C9C64B9E20A7C88A4B79484E /* Frameworks */,
			);
			sourceTree = "<group>";
		};
		3F729BD81CA4141700DC8527 /* Products */ = {
			isa = PBXGroup;
			children = (
				3F729BD71CA4141700DC8527 /* HappyNews.app */,
				3F729BEB1CA4141700DC8527 /* HappyNewsTests.xctest */,
				3F729BF61CA4141700DC8527 /* HappyNewsUITests.xctest */,
			);
			name = Products;
			sourceTree = "<group>";
		};
		3F729BD91CA4141700DC8527 /* HappyNews */ = {
			isa = PBXGroup;
			children = (
				3F6F6A431CA5226F004F8624 /* Controller */,
				3F6F6A401CA521D9004F8624 /* Model */,
				3F6F6A421CA5223A004F8624 /* View */,
				3F6F6A4E1CA528DE004F8624 /* Resource */,
				3F6F6A501CA5334D004F8624 /* Tools */,
			);
			path = HappyNews;
			sourceTree = "<group>";
		};
		3F729BEE1CA4141700DC8527 /* HappyNewsTests */ = {
			isa = PBXGroup;
			children = (
				3F729BEF1CA4141700DC8527 /* HappyNewsTests.swift */,
				3F729BF11CA4141700DC8527 /* Info.plist */,
			);
			path = HappyNewsTests;
			sourceTree = "<group>";
		};
		3F729BF91CA4141700DC8527 /* HappyNewsUITests */ = {
			isa = PBXGroup;
			children = (
				3F729BFA1CA4141700DC8527 /* HappyNewsUITests.swift */,
				3F729BFC1CA4141700DC8527 /* Info.plist */,
			);
			path = HappyNewsUITests;
			sourceTree = "<group>";
		};
		3FA525621CA8E5C6009F84E2 /* AFNetworking */ = {
			isa = PBXGroup;
			children = (
				3FA525631CA8E5C6009F84E2 /* AFHTTPSessionManager.h */,
				3FA525641CA8E5C6009F84E2 /* AFHTTPSessionManager.m */,
				3FA525651CA8E5C6009F84E2 /* AFNetworking.h */,
				3FA525661CA8E5C6009F84E2 /* AFNetworkReachabilityManager.h */,
				3FA525671CA8E5C6009F84E2 /* AFNetworkReachabilityManager.m */,
				3FA525681CA8E5C6009F84E2 /* AFSecurityPolicy.h */,
				3FA525691CA8E5C6009F84E2 /* AFSecurityPolicy.m */,
				3FA5256A1CA8E5C6009F84E2 /* AFURLRequestSerialization.h */,
				3FA5256B1CA8E5C6009F84E2 /* AFURLRequestSerialization.m */,
				3FA5256C1CA8E5C6009F84E2 /* AFURLResponseSerialization.h */,
				3FA5256D1CA8E5C6009F84E2 /* AFURLResponseSerialization.m */,
				3FA5256E1CA8E5C6009F84E2 /* AFURLSessionManager.h */,
				3FA5256F1CA8E5C6009F84E2 /* AFURLSessionManager.m */,
			);
			path = AFNetworking;
			sourceTree = "<group>";
		};
		3FC849BE1CA934B70058D528 /* SDWebImage */ = {
			isa = PBXGroup;
			children = (
				3FC849BF1CA934B70058D528 /* NSData+ImageContentType.h */,
				3FC849C01CA934B70058D528 /* NSData+ImageContentType.m */,
				3FC849C11CA934B70058D528 /* SDImageCache.h */,
				3FC849C21CA934B70058D528 /* SDImageCache.m */,
				3FC849C31CA934B70058D528 /* SDWebImageCompat.h */,
				3FC849C41CA934B70058D528 /* SDWebImageCompat.m */,
				3FC849C51CA934B70058D528 /* SDWebImageDecoder.h */,
				3FC849C61CA934B70058D528 /* SDWebImageDecoder.m */,
				3FC849C71CA934B70058D528 /* SDWebImageDownloader.h */,
				3FC849C81CA934B70058D528 /* SDWebImageDownloader.m */,
				3FC849C91CA934B70058D528 /* SDWebImageDownloaderOperation.h */,
				3FC849CA1CA934B70058D528 /* SDWebImageDownloaderOperation.m */,
				3FC849CB1CA934B70058D528 /* SDWebImageManager.h */,
				3FC849CC1CA934B70058D528 /* SDWebImageManager.m */,
				3FC849CD1CA934B70058D528 /* SDWebImageOperation.h */,
				3FC849CE1CA934B70058D528 /* SDWebImagePrefetcher.h */,
				3FC849CF1CA934B70058D528 /* SDWebImagePrefetcher.m */,
				3FC849D01CA934B70058D528 /* UIButton+WebCache.h */,
				3FC849D11CA934B70058D528 /* UIButton+WebCache.m */,
				3FC849D21CA934B70058D528 /* UIImage+GIF.h */,
				3FC849D31CA934B70058D528 /* UIImage+GIF.m */,
				3FC849D41CA934B70058D528 /* UIImage+MultiFormat.h */,
				3FC849D51CA934B70058D528 /* UIImage+MultiFormat.m */,
				3FC849D61CA934B70058D528 /* UIImageView+HighlightedWebCache.h */,
				3FC849D71CA934B70058D528 /* UIImageView+HighlightedWebCache.m */,
				3FC849D81CA934B70058D528 /* UIImageView+WebCache.h */,
				3FC849D91CA934B70058D528 /* UIImageView+WebCache.m */,
				3FC849DA1CA934B70058D528 /* UIView+WebCacheOperation.h */,
				3FC849DB1CA934B70058D528 /* UIView+WebCacheOperation.m */,
			);
			path = SDWebImage;
			sourceTree = "<group>";
		};
		3FE4AA181CAB98F6005F94AB /* SKScNavBarController */ = {
			isa = PBXGroup;
			children = (
				3FE4AA191CAB98F6005F94AB /* SKController */,
				3FE4AA1B1CAB98F6005F94AB /* SKMacros */,
				3FE4AA1E1CAB98F6005F94AB /* SKViews */,
			);
			path = SKScNavBarController;
			sourceTree = "<group>";
		};
		3FE4AA191CAB98F6005F94AB /* SKController */ = {
			isa = PBXGroup;
			children = (
				3FE4AA1A1CAB98F6005F94AB /* SKScNavViewController.swift */,
			);
			path = SKController;
			sourceTree = "<group>";
		};
		3FE4AA1B1CAB98F6005F94AB /* SKMacros */ = {
			isa = PBXGroup;
			children = (
				3FE4AA1C1CAB98F6005F94AB /* arrow@3x.png */,
				3FE4AA1D1CAB98F6005F94AB /* SKMacros.swift */,
			);
			path = SKMacros;
			sourceTree = "<group>";
		};
		3FE4AA1E1CAB98F6005F94AB /* SKViews */ = {
			isa = PBXGroup;
			children = (
				3FE4AA1F1CAB98F6005F94AB /* SKLaunchMenu.swift */,
				3FE4AA201CAB98F6005F94AB /* SKLaunchMenuItem.swift */,
				3FE4AA211CAB98F6005F94AB /* SKScNavBar.swift */,
			);
			path = SKViews;
			sourceTree = "<group>";
		};
		C9C64B9E20A7C88A4B79484E /* Frameworks */ = {
			isa = PBXGroup;
			children = (
				3F6C1B671CAD4EC7007BD218 /* AVKit.framework */,
				3F6C1B651CAD4E91007BD218 /* AVFoundation.framework */,
				3F6C1AFC1CACF6F5007BD218 /* MMDrawerController.framework */,
				3F6F6A781CA57ACA004F8624 /* libMMDrawerController.a */,
				08B4794E1AD0CA45230C2857 /* Pods.framework */,
			);
			name = Frameworks;
			sourceTree = "<group>";
		};
		D45493AD6D8CF02AF7FBBBB2 /* Pods */ = {
			isa = PBXGroup;
			children = (
				2813228A19118FA200DD2A93 /* Pods.debug.xcconfig */,
				09D333612FF75548EE0903FA /* Pods.release.xcconfig */,
			);
			name = Pods;
			sourceTree = "<group>";
		};
/* End PBXGroup section */

/* Begin PBXNativeTarget section */
		3F729BD61CA4141700DC8527 /* HappyNews */ = {
			isa = PBXNativeTarget;
			buildConfigurationList = 3F729BFF1CA4141700DC8527 /* Build configuration list for PBXNativeTarget "HappyNews" */;
			buildPhases = (
				4BD8BFD8D06DBADCB05CB824 /* Check Pods Manifest.lock */,
				3F729BD31CA4141700DC8527 /* Sources */,
				3F729BD41CA4141700DC8527 /* Frameworks */,
				3F729BD51CA4141700DC8527 /* Resources */,
				510EDA6BB020168B861CE845 /* Embed Pods Frameworks */,
				B576EECB822D903B1E2CFCD0 /* Copy Pods Resources */,
			);
			buildRules = (
			);
			dependencies = (
			);
			name = HappyNews;
			productName = HappyNews;
			productReference = 3F729BD71CA4141700DC8527 /* HappyNews.app */;
			productType = "com.apple.product-type.application";
		};
		3F729BEA1CA4141700DC8527 /* HappyNewsTests */ = {
			isa = PBXNativeTarget;
			buildConfigurationList = 3F729C021CA4141700DC8527 /* Build configuration list for PBXNativeTarget "HappyNewsTests" */;
			buildPhases = (
				3F729BE71CA4141700DC8527 /* Sources */,
				3F729BE81CA4141700DC8527 /* Frameworks */,
				3F729BE91CA4141700DC8527 /* Resources */,
			);
			buildRules = (
			);
			dependencies = (
				3F729BED1CA4141700DC8527 /* PBXTargetDependency */,
			);
			name = HappyNewsTests;
			productName = HappyNewsTests;
			productReference = 3F729BEB1CA4141700DC8527 /* HappyNewsTests.xctest */;
			productType = "com.apple.product-type.bundle.unit-test";
		};
		3F729BF51CA4141700DC8527 /* HappyNewsUITests */ = {
			isa = PBXNativeTarget;
			buildConfigurationList = 3F729C051CA4141700DC8527 /* Build configuration list for PBXNativeTarget "HappyNewsUITests" */;
			buildPhases = (
				3F729BF21CA4141700DC8527 /* Sources */,
				3F729BF31CA4141700DC8527 /* Frameworks */,
				3F729BF41CA4141700DC8527 /* Resources */,
			);
			buildRules = (
			);
			dependencies = (
				3F729BF81CA4141700DC8527 /* PBXTargetDependency */,
			);
			name = HappyNewsUITests;
			productName = HappyNewsUITests;
			productReference = 3F729BF61CA4141700DC8527 /* HappyNewsUITests.xctest */;
			productType = "com.apple.product-type.bundle.ui-testing";
		};
/* End PBXNativeTarget section */

/* Begin PBXProject section */
		3F729BCF1CA4141600DC8527 /* Project object */ = {
			isa = PBXProject;
			attributes = {
				LastUpgradeCheck = 0700;
				ORGANIZATIONNAME = corporal;
				TargetAttributes = {
					3F729BD61CA4141700DC8527 = {
						CreatedOnToolsVersion = 7.0.1;
					};
					3F729BEA1CA4141700DC8527 = {
						CreatedOnToolsVersion = 7.0.1;
						TestTargetID = 3F729BD61CA4141700DC8527;
					};
					3F729BF51CA4141700DC8527 = {
						CreatedOnToolsVersion = 7.0.1;
						TestTargetID = 3F729BD61CA4141700DC8527;
					};
				};
			};
			buildConfigurationList = 3F729BD21CA4141600DC8527 /* Build configuration list for PBXProject "HappyNews" */;
			compatibilityVersion = "Xcode 3.2";
			developmentRegion = English;
			hasScannedForEncodings = 0;
			knownRegions = (
				en,
				Base,
			);
			mainGroup = 3F729BCE1CA4141600DC8527;
			productRefGroup = 3F729BD81CA4141700DC8527 /* Products */;
			projectDirPath = "";
			projectRoot = "";
			targets = (
				3F729BD61CA4141700DC8527 /* HappyNews */,
				3F729BEA1CA4141700DC8527 /* HappyNewsTests */,
				3F729BF51CA4141700DC8527 /* HappyNewsUITests */,
			);
		};
/* End PBXProject section */

/* Begin PBXResourcesBuildPhase section */
		3F729BD51CA4141700DC8527 /* Resources */ = {
			isa = PBXResourcesBuildPhase;
			buildActionMask = 2147483647;
			files = (
				3F6C1B521CAD1EC6007BD218 /* Info.plist in Resources */,
				3F46B6871CB3DD63004AF06B /* card.png in Resources */,
				3F6F6A661CA55F65004F8624 /* nav_menu_icon@2x.png in Resources */,
				3FE4AA231CAB98F6005F94AB /* arrow@3x.png in Resources */,
				3F6C1B5D1CAD21A5007BD218 /* audionews_index_play@2x.png in Resources */,
				3F6C1B571CAD1F06007BD218 /* LaunchScreen.storyboard in Resources */,
				3F6C1B601CAD21A5007BD218 /* night_video_list_cell_count@2x.png in Resources */,
				3F6F6A741CA56DB7004F8624 /* NewsCollectionViewCell.xib in Resources */,
				3F6C1B5E1CAD21A5007BD218 /* night_audionews_indexheader_recent@2x.png in Resources */,
				3F6C1B5F1CAD21A5007BD218 /* night_sidebar_cellhighlighted_bg@2x.png in Resources */,
				3F6C1B541CAD1EF5007BD218 /* Assets.xcassets in Resources */,
			);
			runOnlyForDeploymentPostprocessing = 0;
		};
		3F729BE91CA4141700DC8527 /* Resources */ = {
			isa = PBXResourcesBuildPhase;
			buildActionMask = 2147483647;
			files = (
			);
			runOnlyForDeploymentPostprocessing = 0;
		};
		3F729BF41CA4141700DC8527 /* Resources */ = {
			isa = PBXResourcesBuildPhase;
			buildActionMask = 2147483647;
			files = (
			);
			runOnlyForDeploymentPostprocessing = 0;
		};
/* End PBXResourcesBuildPhase section */

/* Begin PBXShellScriptBuildPhase section */
		4BD8BFD8D06DBADCB05CB824 /* Check Pods Manifest.lock */ = {
			isa = PBXShellScriptBuildPhase;
			buildActionMask = 2147483647;
			files = (
			);
			inputPaths = (
			);
			name = "Check Pods Manifest.lock";
			outputPaths = (
			);
			runOnlyForDeploymentPostprocessing = 0;
			shellPath = /bin/sh;
			shellScript = "diff \"${PODS_ROOT}/../Podfile.lock\" \"${PODS_ROOT}/Manifest.lock\" > /dev/null\nif [[ $? != 0 ]] ; then\n    cat << EOM\nerror: The sandbox is not in sync with the Podfile.lock. Run 'pod install' or update your CocoaPods installation.\nEOM\n    exit 1\nfi\n";
			showEnvVarsInLog = 0;
		};
		510EDA6BB020168B861CE845 /* Embed Pods Frameworks */ = {
			isa = PBXShellScriptBuildPhase;
			buildActionMask = 2147483647;
			files = (
			);
			inputPaths = (
			);
			name = "Embed Pods Frameworks";
			outputPaths = (
			);
			runOnlyForDeploymentPostprocessing = 0;
			shellPath = /bin/sh;
			shellScript = "\"${SRCROOT}/Pods/Target Support Files/Pods/Pods-frameworks.sh\"\n";
			showEnvVarsInLog = 0;
		};
		B576EECB822D903B1E2CFCD0 /* Copy Pods Resources */ = {
			isa = PBXShellScriptBuildPhase;
			buildActionMask = 2147483647;
			files = (
			);
			inputPaths = (
			);
			name = "Copy Pods Resources";
			outputPaths = (
			);
			runOnlyForDeploymentPostprocessing = 0;
			shellPath = /bin/sh;
			shellScript = "\"${SRCROOT}/Pods/Target Support Files/Pods/Pods-resources.sh\"\n";
			showEnvVarsInLog = 0;
		};
/* End PBXShellScriptBuildPhase section */

/* Begin PBXSourcesBuildPhase section */
		3F729BD31CA4141700DC8527 /* Sources */ = {
			isa = PBXSourcesBuildPhase;
			buildActionMask = 2147483647;
			files = (
				3FC849E61CA934B70058D528 /* UIImage+MultiFormat.m in Sources */,
				3F6F6A4D1CA524F9004F8624 /* HappyPlayingViewController.swift in Sources */,
				3F6C1B091CACFF25007BD218 /* MMDrawerController.m in Sources */,
				3FE9629B1CAE5E9300087A4C /* MyNavigationController.swift in Sources */,
				3FE4AA221CAB98F6005F94AB /* SKScNavViewController.swift in Sources */,
				3FC849E21CA934B70058D528 /* SDWebImageManager.m in Sources */,
				3F6F6A701CA56D70004F8624 /* MacroDefine.swift in Sources */,
				3F6C1B621CAD255F007BD218 /* MediaCell.swift in Sources */,
				3FE4AA271CAB98F6005F94AB /* SKScNavBar.swift in Sources */,
				3FA525791CA8E5C6009F84E2 /* AFNetworkReachabilityManager.m in Sources */,
				3FA5257D1CA8E5C7009F84E2 /* AFURLSessionManager.m in Sources */,
				3FC849E01CA934B70058D528 /* SDWebImageDownloader.m in Sources */,
				3FE4AA291CAB9CCD005F94AB /* PictureViewController.swift in Sources */,
				3FA5257B1CA8E5C7009F84E2 /* AFURLRequestSerialization.m in Sources */,
				3FA5257C1CA8E5C7009F84E2 /* AFURLResponseSerialization.m in Sources */,
				3FA525781CA8E5C6009F84E2 /* AFHTTPSessionManager.m in Sources */,
				3FE4AA251CAB98F6005F94AB /* SKLaunchMenu.swift in Sources */,
				3F6F6A731CA56DB7004F8624 /* NewsCollectionViewCell.swift in Sources */,
				3FB901451CA917C400485679 /* NewsModel.swift in Sources */,
				3F6C1AFB1CACD13A007BD218 /* MediaModel.swift in Sources */,
				3FC849DC1CA934B70058D528 /* NSData+ImageContentType.m in Sources */,
				3FC849E51CA934B70058D528 /* UIImage+GIF.m in Sources */,
				3FC849E41CA934B70058D528 /* UIButton+WebCache.m in Sources */,
				3F6F6A491CA52336004F8624 /* NewsViewController.swift in Sources */,
				3F846ECF1CAA31F1006A647E /* UIView+Init.m in Sources */,
				3FC849E31CA934B70058D528 /* SDWebImagePrefetcher.m in Sources */,
				3FC849E81CA934B70058D528 /* UIImageView+WebCache.m in Sources */,
				3FE4AA261CAB98F6005F94AB /* SKLaunchMenuItem.swift in Sources */,
				3FC849E71CA934B70058D528 /* UIImageView+HighlightedWebCache.m in Sources */,
				3F6C1B0B1CACFF25007BD218 /* UIViewController+MMDrawerController.m in Sources */,
				3FE4AA241CAB98F6005F94AB /* SKMacros.swift in Sources */,
				3FC849DF1CA934B70058D528 /* SDWebImageDecoder.m in Sources */,
				3FC849DD1CA934B70058D528 /* SDImageCache.m in Sources */,
				3F6C1B511CAD1EC6007BD218 /* AppDelegate.swift in Sources */,
				3FC849DE1CA934B70058D528 /* SDWebImageCompat.m in Sources */,
				3F6F6A621CA53EE2004F8624 /* LeftViewController.swift in Sources */,
				3F846ECC1CAA1C47006A647E /* NewsDetailViewController.swift in Sources */,
				3F6F6A641CA54015004F8624 /* Common.swift in Sources */,
				3FC849E11CA934B70058D528 /* SDWebImageDownloaderOperation.m in Sources */,
				3F6C1B081CACFF25007BD218 /* MMDrawerBarButtonItem.m in Sources */,
				3FE4AA151CAB7DC8005F94AB /* MenuViewController.swift in Sources */,
				3FA5257A1CA8E5C7009F84E2 /* AFSecurityPolicy.m in Sources */,
				3FC849E91CA934B70058D528 /* UIView+WebCacheOperation.m in Sources */,
				3F6C1B0A1CACFF25007BD218 /* MMDrawerVisualState.m in Sources */,
				3F6F6A4B1CA52421004F8624 /* VideoViewController.swift in Sources */,
			);
			runOnlyForDeploymentPostprocessing = 0;
		};
		3F729BE71CA4141700DC8527 /* Sources */ = {
			isa = PBXSourcesBuildPhase;
			buildActionMask = 2147483647;
			files = (
				3F729BF01CA4141700DC8527 /* HappyNewsTests.swift in Sources */,
			);
			runOnlyForDeploymentPostprocessing = 0;
		};
		3F729BF21CA4141700DC8527 /* Sources */ = {
			isa = PBXSourcesBuildPhase;
			buildActionMask = 2147483647;
			files = (
				3F729BFB1CA4141700DC8527 /* HappyNewsUITests.swift in Sources */,
			);
			runOnlyForDeploymentPostprocessing = 0;
		};
/* End PBXSourcesBuildPhase section */

/* Begin PBXTargetDependency section */
		3F729BED1CA4141700DC8527 /* PBXTargetDependency */ = {
			isa = PBXTargetDependency;
			target = 3F729BD61CA4141700DC8527 /* HappyNews */;
			targetProxy = 3F729BEC1CA4141700DC8527 /* PBXContainerItemProxy */;
		};
		3F729BF81CA4141700DC8527 /* PBXTargetDependency */ = {
			isa = PBXTargetDependency;
			target = 3F729BD61CA4141700DC8527 /* HappyNews */;
			targetProxy = 3F729BF71CA4141700DC8527 /* PBXContainerItemProxy */;
		};
/* End PBXTargetDependency section */

/* Begin PBXVariantGroup section */
		3F6C1B551CAD1F06007BD218 /* LaunchScreen.storyboard */ = {
			isa = PBXVariantGroup;
			children = (
				3F6C1B561CAD1F06007BD218 /* Base */,
			);
			name = LaunchScreen.storyboard;
			path = ..;
			sourceTree = "<group>";
		};
/* End PBXVariantGroup section */

/* Begin XCBuildConfiguration section */
		3F729BFD1CA4141700DC8527 /* Debug */ = {
			isa = XCBuildConfiguration;
			buildSettings = {
				ALWAYS_SEARCH_USER_PATHS = NO;
				CLANG_CXX_LANGUAGE_STANDARD = "gnu++0x";
				CLANG_CXX_LIBRARY = "libc++";
				CLANG_ENABLE_MODULES = YES;
				CLANG_ENABLE_OBJC_ARC = YES;
				CLANG_WARN_BOOL_CONVERSION = YES;
				CLANG_WARN_CONSTANT_CONVERSION = YES;
				CLANG_WARN_DIRECT_OBJC_ISA_USAGE = YES_ERROR;
				CLANG_WARN_EMPTY_BODY = YES;
				CLANG_WARN_ENUM_CONVERSION = YES;
				CLANG_WARN_INT_CONVERSION = YES;
				CLANG_WARN_OBJC_ROOT_CLASS = YES_ERROR;
				CLANG_WARN_UNREACHABLE_CODE = YES;
				CLANG_WARN__DUPLICATE_METHOD_MATCH = YES;
				"CODE_SIGN_IDENTITY[sdk=iphoneos*]" = "iPhone Developer";
				COPY_PHASE_STRIP = NO;
				DEBUG_INFORMATION_FORMAT = dwarf;
				ENABLE_STRICT_OBJC_MSGSEND = YES;
				ENABLE_TESTABILITY = YES;
				GCC_C_LANGUAGE_STANDARD = gnu99;
				GCC_DYNAMIC_NO_PIC = NO;
				GCC_NO_COMMON_BLOCKS = YES;
				GCC_OPTIMIZATION_LEVEL = 0;
				GCC_PREPROCESSOR_DEFINITIONS = (
					"DEBUG=1",
					"$(inherited)",
				);
				GCC_WARN_64_TO_32_BIT_CONVERSION = YES;
				GCC_WARN_ABOUT_RETURN_TYPE = YES_ERROR;
				GCC_WARN_UNDECLARED_SELECTOR = YES;
				GCC_WARN_UNINITIALIZED_AUTOS = YES_AGGRESSIVE;
				GCC_WARN_UNUSED_FUNCTION = YES;
				GCC_WARN_UNUSED_VARIABLE = YES;
				IPHONEOS_DEPLOYMENT_TARGET = 9.0;
				MTL_ENABLE_DEBUG_INFO = YES;
				ONLY_ACTIVE_ARCH = YES;
				SDKROOT = iphoneos;
				SWIFT_OPTIMIZATION_LEVEL = "-Onone";
			};
			name = Debug;
		};
		3F729BFE1CA4141700DC8527 /* Release */ = {
			isa = XCBuildConfiguration;
			buildSettings = {
				ALWAYS_SEARCH_USER_PATHS = NO;
				CLANG_CXX_LANGUAGE_STANDARD = "gnu++0x";
				CLANG_CXX_LIBRARY = "libc++";
				CLANG_ENABLE_MODULES = YES;
				CLANG_ENABLE_OBJC_ARC = YES;
				CLANG_WARN_BOOL_CONVERSION = YES;
				CLANG_WARN_CONSTANT_CONVERSION = YES;
				CLANG_WARN_DIRECT_OBJC_ISA_USAGE = YES_ERROR;
				CLANG_WARN_EMPTY_BODY = YES;
				CLANG_WARN_ENUM_CONVERSION = YES;
				CLANG_WARN_INT_CONVERSION = YES;
				CLANG_WARN_OBJC_ROOT_CLASS = YES_ERROR;
				CLANG_WARN_UNREACHABLE_CODE = YES;
				CLANG_WARN__DUPLICATE_METHOD_MATCH = YES;
				"CODE_SIGN_IDENTITY[sdk=iphoneos*]" = "iPhone Developer";
				COPY_PHASE_STRIP = NO;
				DEBUG_INFORMATION_FORMAT = "dwarf-with-dsym";
				ENABLE_NS_ASSERTIONS = NO;
				ENABLE_STRICT_OBJC_MSGSEND = YES;
				GCC_C_LANGUAGE_STANDARD = gnu99;
				GCC_NO_COMMON_BLOCKS = YES;
				GCC_WARN_64_TO_32_BIT_CONVERSION = YES;
				GCC_WARN_ABOUT_RETURN_TYPE = YES_ERROR;
				GCC_WARN_UNDECLARED_SELECTOR = YES;
				GCC_WARN_UNINITIALIZED_AUTOS = YES_AGGRESSIVE;
				GCC_WARN_UNUSED_FUNCTION = YES;
				GCC_WARN_UNUSED_VARIABLE = YES;
				IPHONEOS_DEPLOYMENT_TARGET = 9.0;
				MTL_ENABLE_DEBUG_INFO = NO;
				SDKROOT = iphoneos;
				VALIDATE_PRODUCT = YES;
			};
			name = Release;
		};
		3F729C001CA4141700DC8527 /* Debug */ = {
			isa = XCBuildConfiguration;
			baseConfigurationReference = 2813228A19118FA200DD2A93 /* Pods.debug.xcconfig */;
			buildSettings = {
				ASSETCATALOG_COMPILER_APPICON_NAME = AppIcon;
				FRAMEWORK_SEARCH_PATHS = (
					"$(inherited)",
					"$(PROJECT_DIR)/build/Debug-iphoneos",
				);
				INFOPLIST_FILE = HappyNews/Info.plist;
				IPHONEOS_DEPLOYMENT_TARGET = 8.0;
				LD_RUNPATH_SEARCH_PATHS = "$(inherited) @executable_path/Frameworks";
				LIBRARY_SEARCH_PATHS = (
					"$(inherited)",
					"$(PROJECT_DIR)/build/Debug-iphoneos",
				);
				PRODUCT_BUNDLE_IDENTIFIER = com.crazy.HappyNews;
				PRODUCT_NAME = "$(TARGET_NAME)";
				SWIFT_OBJC_BRIDGING_HEADER = "/Users/lan/Desktop/HappyNews-Swift/HappyNews-Swift/HappyNews/Tools/MMDrawerController-Bridge-Header.h";
				USER_HEADER_SEARCH_PATHS = "${SRCROOT}/**";
			};
			name = Debug;
		};
		3F729C011CA4141700DC8527 /* Release */ = {
			isa = XCBuildConfiguration;
			baseConfigurationReference = 09D333612FF75548EE0903FA /* Pods.release.xcconfig */;
			buildSettings = {
				ASSETCATALOG_COMPILER_APPICON_NAME = AppIcon;
				FRAMEWORK_SEARCH_PATHS = (
					"$(inherited)",
					"$(PROJECT_DIR)/build/Debug-iphoneos",
				);
				INFOPLIST_FILE = HappyNews/Info.plist;
				IPHONEOS_DEPLOYMENT_TARGET = 8.0;
				LD_RUNPATH_SEARCH_PATHS = "$(inherited) @executable_path/Frameworks";
				LIBRARY_SEARCH_PATHS = (
					"$(inherited)",
					"$(PROJECT_DIR)/build/Debug-iphoneos",
				);
				PRODUCT_BUNDLE_IDENTIFIER = com.crazy.HappyNews;
				PRODUCT_NAME = "$(TARGET_NAME)";
				SWIFT_OBJC_BRIDGING_HEADER = "/Users/lan/Desktop/HappyNews-Swift/HappyNews-Swift/HappyNews/Tools/MMDrawerController-Bridge-Header.h";
				USER_HEADER_SEARCH_PATHS = "${SRCROOT}/**";
			};
			name = Release;
		};
		3F729C031CA4141700DC8527 /* Debug */ = {
			isa = XCBuildConfiguration;
			buildSettings = {
				BUNDLE_LOADER = "$(TEST_HOST)";
				INFOPLIST_FILE = HappyNewsTests/Info.plist;
				LD_RUNPATH_SEARCH_PATHS = "$(inherited) @executable_path/Frameworks @loader_path/Frameworks";
				PRODUCT_BUNDLE_IDENTIFIER = com.crazy.HappyNewsTests;
				PRODUCT_NAME = "$(TARGET_NAME)";
				TEST_HOST = "$(BUILT_PRODUCTS_DIR)/HappyNews.app/HappyNews";
			};
			name = Debug;
		};
		3F729C041CA4141700DC8527 /* Release */ = {
			isa = XCBuildConfiguration;
			buildSettings = {
				BUNDLE_LOADER = "$(TEST_HOST)";
				INFOPLIST_FILE = HappyNewsTests/Info.plist;
				LD_RUNPATH_SEARCH_PATHS = "$(inherited) @executable_path/Frameworks @loader_path/Frameworks";
				PRODUCT_BUNDLE_IDENTIFIER = com.crazy.HappyNewsTests;
				PRODUCT_NAME = "$(TARGET_NAME)";
				TEST_HOST = "$(BUILT_PRODUCTS_DIR)/HappyNews.app/HappyNews";
			};
			name = Release;
		};
		3F729C061CA4141700DC8527 /* Debug */ = {
			isa = XCBuildConfiguration;
			buildSettings = {
				INFOPLIST_FILE = HappyNewsUITests/Info.plist;
				LD_RUNPATH_SEARCH_PATHS = "$(inherited) @executable_path/Frameworks @loader_path/Frameworks";
				PRODUCT_BUNDLE_IDENTIFIER = com.crazy.HappyNewsUITests;
				PRODUCT_NAME = "$(TARGET_NAME)";
				TEST_TARGET_NAME = HappyNews;
				USES_XCTRUNNER = YES;
			};
			name = Debug;
		};
		3F729C071CA4141700DC8527 /* Release */ = {
			isa = XCBuildConfiguration;
			buildSettings = {
				INFOPLIST_FILE = HappyNewsUITests/Info.plist;
				LD_RUNPATH_SEARCH_PATHS = "$(inherited) @executable_path/Frameworks @loader_path/Frameworks";
				PRODUCT_BUNDLE_IDENTIFIER = com.crazy.HappyNewsUITests;
				PRODUCT_NAME = "$(TARGET_NAME)";
				TEST_TARGET_NAME = HappyNews;
				USES_XCTRUNNER = YES;
			};
			name = Release;
		};
/* End XCBuildConfiguration section */

/* Begin XCConfigurationList section */
		3F729BD21CA4141600DC8527 /* Build configuration list for PBXProject "HappyNews" */ = {
			isa = XCConfigurationList;
			buildConfigurations = (
				3F729BFD1CA4141700DC8527 /* Debug */,
				3F729BFE1CA4141700DC8527 /* Release */,
			);
			defaultConfigurationIsVisible = 0;
			defaultConfigurationName = Release;
		};
		3F729BFF1CA4141700DC8527 /* Build configuration list for PBXNativeTarget "HappyNews" */ = {
			isa = XCConfigurationList;
			buildConfigurations = (
				3F729C001CA4141700DC8527 /* Debug */,
				3F729C011CA4141700DC8527 /* Release */,
			);
			defaultConfigurationIsVisible = 0;
			defaultConfigurationName = Release;
		};
		3F729C021CA4141700DC8527 /* Build configuration list for PBXNativeTarget "HappyNewsTests" */ = {
			isa = XCConfigurationList;
			buildConfigurations = (
				3F729C031CA4141700DC8527 /* Debug */,
				3F729C041CA4141700DC8527 /* Release */,
			);
			defaultConfigurationIsVisible = 0;
			defaultConfigurationName = Release;
		};
		3F729C051CA4141700DC8527 /* Build configuration list for PBXNativeTarget "HappyNewsUITests" */ = {
			isa = XCConfigurationList;
			buildConfigurations = (
				3F729C061CA4141700DC8527 /* Debug */,
				3F729C071CA4141700DC8527 /* Release */,
			);
			defaultConfigurationIsVisible = 0;
			defaultConfigurationName = Release;
		};
/* End XCConfigurationList section */
	};
	rootObject = 3F729BCF1CA4141600DC8527 /* Project object */;
}
